# Generated from requirements.txt using Python 3.11
# Regenerate by creating a clean 3.11 venv and running pip freeze after installing requirements.txt
alembic==1.18.4
annotated-doc==0.0.4
annotated-types==0.7.0
anyio==4.12.1
APScheduler==3.11.2
babel==2.18.0
beautifulsoup4==4.14.3
certifi==2026.2.25
chardet==5.2.0
charset-normalizer==3.4.6
click==8.3.1
courlan==1.3.2
cssselect==1.4.0
dateparser==1.3.0
Deprecated==1.3.1
distro==1.9.0
eval_type_backport==0.3.1
fastapi==0.135.1
feedparser==6.0.12
firebase-admin==7.3.0
gunicorn==25.1.0
h11==0.16.0
htmldate==1.9.4
httpcore==1.0.9
httptools==0.7.1
httpx==0.28.1
idna==3.11
importlib_metadata==8.7.1
jiter==0.13.0
jusText==3.0.2
langdetect==1.0.9
limits==5.8.0
lxml==6.1.0
lxml_html_clean==0.4.4
Mako==1.3.10
MarkupSafe==3.0.3
mistralai==2.1.2
openai==2.29.0
opentelemetry-api==1.39.1
opentelemetry-semantic-conventions==0.60b1
packaging==26.0
psycopg2-binary==2.9.11
pydantic==2.12.5
pydantic-settings==2.13.1
pydantic_core==2.41.5
python-dateutil==2.9.0.post0
python-dotenv==1.2.2
python-multipart==0.0.26
pytz==2026.1.post1
PyJWT==2.12.0
PyYAML==6.0.3
readability-lxml==0.8.4.1
redis==7.3.0
regex==2026.2.28
requests==2.33.0
sgmllib3k==1.0.0
six==1.17.0
slowapi==0.1.9
sniffio==1.3.1
soupsieve==2.8.3
SQLAlchemy==2.0.48
starlette==0.52.1
tenacity==9.1.4
tld==0.13.2
tqdm==4.67.3
trafilatura==2.0.0
typing-inspection==0.4.2
typing_extensions==4.15.0
tzlocal==5.3.1
urllib3==2.6.3
uvicorn==0.42.0
uvloop==0.22.1
watchfiles==1.1.1
websockets==16.0
wrapt==2.1.2
zipp==3.23.0
